
Microsoft Visual Studio Solution File, Format Version 12.00
# Visual Studio Version 17
VisualStudioVersion = 17.12.35527.113 d17.12
MinimumVisualStudioVersion = 10.0.40219.1
<<<<<<<< HEAD:Jump N Run.sln
Project("{FAE04EC0-301F-11D3-BF4B-00C04F79EFBC}") = "Jump N Run", "Jump N Run\Jump N Run.csproj", "{35BF452D-CE7C-4E89-9A03-2284562548C6}"
========
Project("{FAE04EC0-301F-11D3-BF4B-00C04F79EFBC}") = "Jump N Run Game1", "Jump N Run Game1\Jump N Run Game1.csproj", "{FC25EC85-E638-47D6-AF95-48FE68D23D86}"
>>>>>>>> 0e91d92e096bd43aa2144335f10883b0b70cdde6:Jump N Run Game1.sln
EndProject
Global
	GlobalSection(SolutionConfigurationPlatforms) = preSolution
		Debug|Any CPU = Debug|Any CPU
		Release|Any CPU = Release|Any CPU
	EndGlobalSection
	GlobalSection(ProjectConfigurationPlatforms) = postSolution
<<<<<<<< HEAD:Jump N Run.sln
		{35BF452D-CE7C-4E89-9A03-2284562548C6}.Debug|Any CPU.ActiveCfg = Debug|Any CPU
		{35BF452D-CE7C-4E89-9A03-2284562548C6}.Debug|Any CPU.Build.0 = Debug|Any CPU
		{35BF452D-CE7C-4E89-9A03-2284562548C6}.Release|Any CPU.ActiveCfg = Release|Any CPU
		{35BF452D-CE7C-4E89-9A03-2284562548C6}.Release|Any CPU.Build.0 = Release|Any CPU
========
		{FC25EC85-E638-47D6-AF95-48FE68D23D86}.Debug|Any CPU.ActiveCfg = Debug|Any CPU
		{FC25EC85-E638-47D6-AF95-48FE68D23D86}.Debug|Any CPU.Build.0 = Debug|Any CPU
		{FC25EC85-E638-47D6-AF95-48FE68D23D86}.Release|Any CPU.ActiveCfg = Release|Any CPU
		{FC25EC85-E638-47D6-AF95-48FE68D23D86}.Release|Any CPU.Build.0 = Release|Any CPU
>>>>>>>> 0e91d92e096bd43aa2144335f10883b0b70cdde6:Jump N Run Game1.sln
	EndGlobalSection
	GlobalSection(SolutionProperties) = preSolution
		HideSolutionNode = FALSE
	EndGlobalSection
EndGlobal
